
Microsoft Visual Studio Solution File, Format Version 12.00
# Visual Studio Version 17
VisualStudioVersion = 17.13.35818.85
MinimumVisualStudioVersion = 10.0.40219.1
Project("{FAE04EC0-301F-11D3-BF4B-00C04F79EFBC}") = "3d_editor", "3d_editor\3d_editor.csproj", "{070F40B5-5169-49C2-9068-D2EF80A7A7FB}"
EndProject
Project("{FAE04EC0-301F-11D3-BF4B-00C04F79EFBC}") = "TextureGen", "TextureGen\TextureGen.csproj", "{95F8F763-0B1B-4C9B-B50E-FE2FFD23FC31}"
EndProject
Global
	GlobalSection(SolutionConfigurationPlatforms) = preSolution
		Debug|Any CPU = Debug|Any CPU
		Release|Any CPU = Release|Any CPU
	EndGlobalSection
	GlobalSection(ProjectConfigurationPlatforms) = postSolution
		{070F40B5-5169-49C2-9068-D2EF80A7A7FB}.Debug|Any CPU.ActiveCfg = Debug|Any CPU
		{070F40B5-5169-49C2-9068-D2EF80A7A7FB}.Debug|Any CPU.Build.0 = Debug|Any CPU
		{070F40B5-5169-49C2-9068-D2EF80A7A7FB}.Release|Any CPU.ActiveCfg = Release|Any CPU
		{070F40B5-5169-49C2-9068-D2EF80A7A7FB}.Release|Any CPU.Build.0 = Release|Any CPU
		{95F8F763-0B1B-4C9B-B50E-FE2FFD23FC31}.Debug|Any CPU.ActiveCfg = Debug|Any CPU
		{95F8F763-0B1B-4C9B-B50E-FE2FFD23FC31}.Debug|Any CPU.Build.0 = Debug|Any CPU
		{95F8F763-0B1B-4C9B-B50E-FE2FFD23FC31}.Release|Any CPU.ActiveCfg = Release|Any CPU
		{95F8F763-0B1B-4C9B-B50E-FE2FFD23FC31}.Release|Any CPU.Build.0 = Release|Any CPU
	EndGlobalSection
	GlobalSection(SolutionProperties) = preSolution
		HideSolutionNode = FALSE
	EndGlobalSection
	GlobalSection(ExtensibilityGlobals) = postSolution
		SolutionGuid = {5E7AAA7B-E138-4EDE-B8D1-B00034AC1267}
	EndGlobalSection
EndGlobal
